
Microsoft Visual Studio Solution File, Format Version 12.00
# Visual Studio Version 17
VisualStudioVersion = 17.5.33516.290
MinimumVisualStudioVersion = 10.0.40219.1
Project("{FAE04EC0-301F-11D3-BF4B-00C04F79EFBC}") = "Roomie", "Roomie\Roomie.csproj", "{B87D36B2-E62E-4AB3-B59E-60ED457CD7C7}"
EndProject
Global
	GlobalSection(SolutionConfigurationPlatforms) = preSolution
		Debug|Any CPU = Debug|Any CPU
		Release|Any CPU = Release|Any CPU
	EndGlobalSection
	GlobalSection(ProjectConfigurationPlatforms) = postSolution
		{B87D36B2-E62E-4AB3-B59E-60ED457CD7C7}.Debug|Any CPU.ActiveCfg = Debug|Any CPU
		{B87D36B2-E62E-4AB3-B59E-60ED457CD7C7}.Debug|Any CPU.Build.0 = Debug|Any CPU
		{B87D36B2-E62E-4AB3-B59E-60ED457CD7C7}.Release|Any CPU.ActiveCfg = Release|Any CPU
		{B87D36B2-E62E-4AB3-B59E-60ED457CD7C7}.Release|Any CPU.Build.0 = Release|Any CPU
	EndGlobalSection
	GlobalSection(SolutionProperties) = preSolution
		HideSolutionNode = FALSE
	EndGlobalSection
	GlobalSection(ExtensibilityGlobals) = postSolution
		SolutionGuid = {F34E84FF-5F5A-4E53-98AC-BC1EB755C726}
	EndGlobalSection
EndGlobal
